
Microsoft Visual Studio Solution File, Format Version 12.00
# Visual Studio 15
VisualStudioVersion = 15.0.34930.48
MinimumVisualStudioVersion = 10.0.40219.1
Project("{FAE04EC0-301F-11D3-BF4B-00C04F79EFBC}") = "IntroductionToDOTNET", "IntroductionToDOTNET\IntroductionToDOTNET.csproj", "{1AAFA4C0-1394-427D-A381-7A23B96121FA}"
EndProject
Project("{FAE04EC0-301F-11D3-BF4B-00C04F79EFBC}") = "DataTypes", "DataTypes\DataTypes.csproj", "{D006D216-CD47-45EC-AE96-0EF1CF36209B}"
EndProject
Project("{FAE04EC0-301F-11D3-BF4B-00C04F79EFBC}") = "Factorial", "Factorial\Factorial.csproj", "{7D98BF06-FC2D-4EF1-BD98-AA97CCD34CC8}"
EndProject
Project("{FAE04EC0-301F-11D3-BF4B-00C04F79EFBC}") = "Geometry", "Geometry\Geometry.csproj", "{73A8ECF3-2AA3-4076-A793-A6819626A610}"
EndProject
Project("{FAE04EC0-301F-11D3-BF4B-00C04F79EFBC}") = "Game", "Game\Game.csproj", "{9859D647-FD7F-4DE9-8F9D-3417AEC62EF1}"
EndProject
Project("{FAE04EC0-301F-11D3-BF4B-00C04F79EFBC}") = "Calc", "Calc\Calc.csproj", "{4CEE847D-1BBA-4811-B0B1-31103DB56AAE}"
EndProject
Project("{FAE04EC0-301F-11D3-BF4B-00C04F79EFBC}") = "Arrays", "Arrays\Arrays.csproj", "{F28D502A-6309-43FA-BEBB-7BB049BBA460}"
EndProject
Global
	GlobalSection(SolutionConfigurationPlatforms) = preSolution
		Debug|Any CPU = Debug|Any CPU
		Release|Any CPU = Release|Any CPU
	EndGlobalSection
	GlobalSection(ProjectConfigurationPlatforms) = postSolution
		{1AAFA4C0-1394-427D-A381-7A23B96121FA}.Debug|Any CPU.ActiveCfg = Debug|Any CPU
		{1AAFA4C0-1394-427D-A381-7A23B96121FA}.Debug|Any CPU.Build.0 = Debug|Any CPU
		{1AAFA4C0-1394-427D-A381-7A23B96121FA}.Release|Any CPU.ActiveCfg = Release|Any CPU
		{1AAFA4C0-1394-427D-A381-7A23B96121FA}.Release|Any CPU.Build.0 = Release|Any CPU
		{D006D216-CD47-45EC-AE96-0EF1CF36209B}.Debug|Any CPU.ActiveCfg = Debug|Any CPU
		{D006D216-CD47-45EC-AE96-0EF1CF36209B}.Debug|Any CPU.Build.0 = Debug|Any CPU
		{D006D216-CD47-45EC-AE96-0EF1CF36209B}.Release|Any CPU.ActiveCfg = Release|Any CPU
		{D006D216-CD47-45EC-AE96-0EF1CF36209B}.Release|Any CPU.Build.0 = Release|Any CPU
		{7D98BF06-FC2D-4EF1-BD98-AA97CCD34CC8}.Debug|Any CPU.ActiveCfg = Debug|Any CPU
		{7D98BF06-FC2D-4EF1-BD98-AA97CCD34CC8}.Debug|Any CPU.Build.0 = Debug|Any CPU
		{7D98BF06-FC2D-4EF1-BD98-AA97CCD34CC8}.Release|Any CPU.ActiveCfg = Release|Any CPU
		{7D98BF06-FC2D-4EF1-BD98-AA97CCD34CC8}.Release|Any CPU.Build.0 = Release|Any CPU
		{73A8ECF3-2AA3-4076-A793-A6819626A610}.Debug|Any CPU.ActiveCfg = Debug|Any CPU
		{73A8ECF3-2AA3-4076-A793-A6819626A610}.Debug|Any CPU.Build.0 = Debug|Any CPU
		{73A8ECF3-2AA3-4076-A793-A6819626A610}.Release|Any CPU.ActiveCfg = Release|Any CPU
		{73A8ECF3-2AA3-4076-A793-A6819626A610}.Release|Any CPU.Build.0 = Release|Any CPU
		{9859D647-FD7F-4DE9-8F9D-3417AEC62EF1}.Debug|Any CPU.ActiveCfg = Debug|Any CPU
		{9859D647-FD7F-4DE9-8F9D-3417AEC62EF1}.Debug|Any CPU.Build.0 = Debug|Any CPU
		{9859D647-FD7F-4DE9-8F9D-3417AEC62EF1}.Release|Any CPU.ActiveCfg = Release|Any CPU
		{9859D647-FD7F-4DE9-8F9D-3417AEC62EF1}.Release|Any CPU.Build.0 = Release|Any CPU
		{4CEE847D-1BBA-4811-B0B1-31103DB56AAE}.Debug|Any CPU.ActiveCfg = Debug|Any CPU
		{4CEE847D-1BBA-4811-B0B1-31103DB56AAE}.Debug|Any CPU.Build.0 = Debug|Any CPU
		{4CEE847D-1BBA-4811-B0B1-31103DB56AAE}.Release|Any CPU.ActiveCfg = Release|Any CPU
		{4CEE847D-1BBA-4811-B0B1-31103DB56AAE}.Release|Any CPU.Build.0 = Release|Any CPU
		{F28D502A-6309-43FA-BEBB-7BB049BBA460}.Debug|Any CPU.ActiveCfg = Debug|Any CPU
		{F28D502A-6309-43FA-BEBB-7BB049BBA460}.Debug|Any CPU.Build.0 = Debug|Any CPU
		{F28D502A-6309-43FA-BEBB-7BB049BBA460}.Release|Any CPU.ActiveCfg = Release|Any CPU
		{F28D502A-6309-43FA-BEBB-7BB049BBA460}.Release|Any CPU.Build.0 = Release|Any CPU
	EndGlobalSection
	GlobalSection(SolutionProperties) = preSolution
		HideSolutionNode = FALSE
	EndGlobalSection
	GlobalSection(ExtensibilityGlobals) = postSolution
		SolutionGuid = {56580500-8ED9-4576-9102-D45D4A4FA79A}
	EndGlobalSection
EndGlobal
