
Microsoft Visual Studio Solution File, Format Version 12.00
# Visual Studio 15
VisualStudioVersion = 15.0.34930.48
MinimumVisualStudioVersion = 10.0.40219.1
Project("{FAE04EC0-301F-11D3-BF4B-00C04F79EFBC}") = "Inhertance", "Inhertance\Inhertance.csproj", "{5C48F9C9-7855-4830-803B-1F90398CA079}"
EndProject
Project("{FAE04EC0-301F-11D3-BF4B-00C04F79EFBC}") = "Academy", "Academy\Academy.csproj", "{6D8415B8-D47C-43EF-B886-2637E867692C}"
EndProject
Project("{FAE04EC0-301F-11D3-BF4B-00C04F79EFBC}") = "Files", "Files\Files.csproj", "{88E6F41A-5F13-488B-8E3C-4752D3F94F3E}"
EndProject
Global
	GlobalSection(SolutionConfigurationPlatforms) = preSolution
		Debug|Any CPU = Debug|Any CPU
		Release|Any CPU = Release|Any CPU
	EndGlobalSection
	GlobalSection(ProjectConfigurationPlatforms) = postSolution
		{5C48F9C9-7855-4830-803B-1F90398CA079}.Debug|Any CPU.ActiveCfg = Debug|Any CPU
		{5C48F9C9-7855-4830-803B-1F90398CA079}.Debug|Any CPU.Build.0 = Debug|Any CPU
		{5C48F9C9-7855-4830-803B-1F90398CA079}.Release|Any CPU.ActiveCfg = Release|Any CPU
		{5C48F9C9-7855-4830-803B-1F90398CA079}.Release|Any CPU.Build.0 = Release|Any CPU
		{6D8415B8-D47C-43EF-B886-2637E867692C}.Debug|Any CPU.ActiveCfg = Debug|Any CPU
		{6D8415B8-D47C-43EF-B886-2637E867692C}.Debug|Any CPU.Build.0 = Debug|Any CPU
		{6D8415B8-D47C-43EF-B886-2637E867692C}.Release|Any CPU.ActiveCfg = Release|Any CPU
		{6D8415B8-D47C-43EF-B886-2637E867692C}.Release|Any CPU.Build.0 = Release|Any CPU
		{88E6F41A-5F13-488B-8E3C-4752D3F94F3E}.Debug|Any CPU.ActiveCfg = Debug|Any CPU
		{88E6F41A-5F13-488B-8E3C-4752D3F94F3E}.Debug|Any CPU.Build.0 = Debug|Any CPU
		{88E6F41A-5F13-488B-8E3C-4752D3F94F3E}.Release|Any CPU.ActiveCfg = Release|Any CPU
		{88E6F41A-5F13-488B-8E3C-4752D3F94F3E}.Release|Any CPU.Build.0 = Release|Any CPU
	EndGlobalSection
	GlobalSection(SolutionProperties) = preSolution
		HideSolutionNode = FALSE
	EndGlobalSection
	GlobalSection(ExtensibilityGlobals) = postSolution
		SolutionGuid = {E861D036-6E26-4368-809E-6C7C647E52A4}
	EndGlobalSection
EndGlobal
